
Microsoft Visual Studio Solution File, Format Version 12.00
# Visual Studio Version 17
VisualStudioVersion = 17.0.31919.166
MinimumVisualStudioVersion = 10.0.40219.1
Project("{FAE04EC0-301F-11D3-BF4B-00C04F79EFBC}") = "task", "task\task.csproj", "{E5EA4205-1599-4B20-8406-5FE947C70303}"
EndProject
Global
	GlobalSection(SolutionConfigurationPlatforms) = preSolution
		Debug|Any CPU = Debug|Any CPU
		Release|Any CPU = Release|Any CPU
	EndGlobalSection
	GlobalSection(ProjectConfigurationPlatforms) = postSolution
		{E5EA4205-1599-4B20-8406-5FE947C70303}.Debug|Any CPU.ActiveCfg = Debug|Any CPU
		{E5EA4205-1599-4B20-8406-5FE947C70303}.Debug|Any CPU.Build.0 = Debug|Any CPU
		{E5EA4205-1599-4B20-8406-5FE947C70303}.Release|Any CPU.ActiveCfg = Release|Any CPU
		{E5EA4205-1599-4B20-8406-5FE947C70303}.Release|Any CPU.Build.0 = Release|Any CPU
	EndGlobalSection
	GlobalSection(SolutionProperties) = preSolution
		HideSolutionNode = FALSE
	EndGlobalSection
	GlobalSection(ExtensibilityGlobals) = postSolution
		SolutionGuid = {2A69913C-4386-4CB2-BEB9-2EB35163060A}
	EndGlobalSection
EndGlobal
