
Microsoft Visual Studio Solution File, Format Version 12.00
# Visual Studio Version 17
VisualStudioVersion = 17.0.31919.166
MinimumVisualStudioVersion = 10.0.40219.1
Project("{FAE04EC0-301F-11D3-BF4B-00C04F79EFBC}") = "LinQ", "LinQ\LinQ.csproj", "{FB03B074-E452-4261-B4BA-77538EC2173E}"
EndProject
Global
	GlobalSection(SolutionConfigurationPlatforms) = preSolution
		Debug|Any CPU = Debug|Any CPU
		Release|Any CPU = Release|Any CPU
	EndGlobalSection
	GlobalSection(ProjectConfigurationPlatforms) = postSolution
		{FB03B074-E452-4261-B4BA-77538EC2173E}.Debug|Any CPU.ActiveCfg = Debug|Any CPU
		{FB03B074-E452-4261-B4BA-77538EC2173E}.Debug|Any CPU.Build.0 = Debug|Any CPU
		{FB03B074-E452-4261-B4BA-77538EC2173E}.Release|Any CPU.ActiveCfg = Release|Any CPU
		{FB03B074-E452-4261-B4BA-77538EC2173E}.Release|Any CPU.Build.0 = Release|Any CPU
	EndGlobalSection
	GlobalSection(SolutionProperties) = preSolution
		HideSolutionNode = FALSE
	EndGlobalSection
	GlobalSection(ExtensibilityGlobals) = postSolution
		SolutionGuid = {74AFC2FB-2B36-45A5-917F-1745E3635F31}
	EndGlobalSection
EndGlobal
